// !$*UTF8*$!
{
	archiveVersion = 1;
	classes = {
	};
	objectVersion = 46;
	objects = {

/* Begin PBXBuildFile section */
		2F20FE501D8E3A36005FE3FE /* ApiConstants.swift in Sources */ = {isa = PBXBuildFile; fileRef = 2F20FE4F1D8E3A36005FE3FE /* ApiConstants.swift */; };
		2FB708B91D8E26AB005DEF9A /* HomeVC.swift in Sources */ = {isa = PBXBuildFile; fileRef = 2FB708B81D8E26AB005DEF9A /* HomeVC.swift */; };
		C33E1142AF13402E23EAE524 /* Pods.framework in Frameworks */ = {isa = PBXBuildFile; fileRef = 332C29625222A97948E4020C /* Pods.framework */; };
		CB132DED1D8DE7350091F76F /* AppDelegate.swift in Sources */ = {isa = PBXBuildFile; fileRef = CB132DEC1D8DE7350091F76F /* AppDelegate.swift */; };
		CB132DF41D8DE7350091F76F /* Main.storyboard in Resources */ = {isa = PBXBuildFile; fileRef = CB132DF21D8DE7350091F76F /* Main.storyboard */; };
		CB132DF61D8DE7350091F76F /* Assets.xcassets in Resources */ = {isa = PBXBuildFile; fileRef = CB132DF51D8DE7350091F76F /* Assets.xcassets */; };
		CB132DF91D8DE7350091F76F /* LaunchScreen.storyboard in Resources */ = {isa = PBXBuildFile; fileRef = CB132DF71D8DE7350091F76F /* LaunchScreen.storyboard */; };
		CB132E041D8DE7350091F76F /* HealthStoryTests.swift in Sources */ = {isa = PBXBuildFile; fileRef = CB132E031D8DE7350091F76F /* HealthStoryTests.swift */; };
		CB132E0F1D8DE7350091F76F /* HealthStoryUITests.swift in Sources */ = {isa = PBXBuildFile; fileRef = CB132E0E1D8DE7350091F76F /* HealthStoryUITests.swift */; };
		CB132E2D1D8DF2A10091F76F /* IndividualStory.swift in Sources */ = {isa = PBXBuildFile; fileRef = CB132E2C1D8DF2A10091F76F /* IndividualStory.swift */; };
		CB132E321D8DF50B0091F76F /* Foundation.framework in Frameworks */ = {isa = PBXBuildFile; fileRef = CB132E311D8DF50B0091F76F /* Foundation.framework */; };
		CB91C7661D8E0EAC00A899F3 /* FHIRManager.swift in Sources */ = {isa = PBXBuildFile; fileRef = CB91C7651D8E0EAC00A899F3 /* FHIRManager.swift */; };
/* End PBXBuildFile section */

/* Begin PBXContainerItemProxy section */
		CB132E001D8DE7350091F76F /* PBXContainerItemProxy */ = {
			isa = PBXContainerItemProxy;
			containerPortal = CB132DE11D8DE7350091F76F /* Project object */;
			proxyType = 1;
			remoteGlobalIDString = CB132DE81D8DE7350091F76F;
			remoteInfo = HealthStory;
		};
		CB132E0B1D8DE7350091F76F /* PBXContainerItemProxy */ = {
			isa = PBXContainerItemProxy;
			containerPortal = CB132DE11D8DE7350091F76F /* Project object */;
			proxyType = 1;
			remoteGlobalIDString = CB132DE81D8DE7350091F76F;
			remoteInfo = HealthStory;
		};
/* End PBXContainerItemProxy section */

/* Begin PBXCopyFilesBuildPhase section */
		CB132E381D8E01B20091F76F /* Embed Frameworks */ = {
			isa = PBXCopyFilesBuildPhase;
			buildActionMask = 2147483647;
			dstPath = "";
			dstSubfolderSpec = 10;
			files = (
			);
			name = "Embed Frameworks";
			runOnlyForDeploymentPostprocessing = 0;
		};
/* End PBXCopyFilesBuildPhase section */

/* Begin PBXFileReference section */
		2F20FE4F1D8E3A36005FE3FE /* ApiConstants.swift */ = {isa = PBXFileReference; fileEncoding = 4; lastKnownFileType = sourcecode.swift; path = ApiConstants.swift; sourceTree = "<group>"; };
		2FB708B81D8E26AB005DEF9A /* HomeVC.swift */ = {isa = PBXFileReference; fileEncoding = 4; lastKnownFileType = sourcecode.swift; path = HomeVC.swift; sourceTree = "<group>"; };
		332C29625222A97948E4020C /* Pods.framework */ = {isa = PBXFileReference; explicitFileType = wrapper.framework; includeInIndex = 0; path = Pods.framework; sourceTree = BUILT_PRODUCTS_DIR; };
		3A48CF7B608C3062B0A37824 /* Pods.debug.xcconfig */ = {isa = PBXFileReference; includeInIndex = 1; lastKnownFileType = text.xcconfig; name = Pods.debug.xcconfig; path = "Pods/Target Support Files/Pods/Pods.debug.xcconfig"; sourceTree = "<group>"; };
		CB132DE91D8DE7350091F76F /* HealthStory.app */ = {isa = PBXFileReference; explicitFileType = wrapper.application; includeInIndex = 0; path = HealthStory.app; sourceTree = BUILT_PRODUCTS_DIR; };
		CB132DEC1D8DE7350091F76F /* AppDelegate.swift */ = {isa = PBXFileReference; lastKnownFileType = sourcecode.swift; path = AppDelegate.swift; sourceTree = "<group>"; };
		CB132DF31D8DE7350091F76F /* Base */ = {isa = PBXFileReference; lastKnownFileType = file.storyboard; name = Base; path = Base.lproj/Main.storyboard; sourceTree = "<group>"; };
		CB132DF51D8DE7350091F76F /* Assets.xcassets */ = {isa = PBXFileReference; lastKnownFileType = folder.assetcatalog; path = Assets.xcassets; sourceTree = "<group>"; };
		CB132DF81D8DE7350091F76F /* Base */ = {isa = PBXFileReference; lastKnownFileType = file.storyboard; name = Base; path = Base.lproj/LaunchScreen.storyboard; sourceTree = "<group>"; };
		CB132DFA1D8DE7350091F76F /* Info.plist */ = {isa = PBXFileReference; lastKnownFileType = text.plist.xml; path = Info.plist; sourceTree = "<group>"; };
		CB132DFF1D8DE7350091F76F /* HealthStoryTests.xctest */ = {isa = PBXFileReference; explicitFileType = wrapper.cfbundle; includeInIndex = 0; path = HealthStoryTests.xctest; sourceTree = BUILT_PRODUCTS_DIR; };
		CB132E031D8DE7350091F76F /* HealthStoryTests.swift */ = {isa = PBXFileReference; lastKnownFileType = sourcecode.swift; path = HealthStoryTests.swift; sourceTree = "<group>"; };
		CB132E051D8DE7350091F76F /* Info.plist */ = {isa = PBXFileReference; lastKnownFileType = text.plist.xml; path = Info.plist; sourceTree = "<group>"; };
		CB132E0A1D8DE7350091F76F /* HealthStoryUITests.xctest */ = {isa = PBXFileReference; explicitFileType = wrapper.cfbundle; includeInIndex = 0; path = HealthStoryUITests.xctest; sourceTree = BUILT_PRODUCTS_DIR; };
		CB132E0E1D8DE7350091F76F /* HealthStoryUITests.swift */ = {isa = PBXFileReference; lastKnownFileType = sourcecode.swift; path = HealthStoryUITests.swift; sourceTree = "<group>"; };
		CB132E101D8DE7350091F76F /* Info.plist */ = {isa = PBXFileReference; lastKnownFileType = text.plist.xml; path = Info.plist; sourceTree = "<group>"; };
		CB132E2C1D8DF2A10091F76F /* IndividualStory.swift */ = {isa = PBXFileReference; fileEncoding = 4; lastKnownFileType = sourcecode.swift; path = IndividualStory.swift; sourceTree = "<group>"; };
		CB132E311D8DF50B0091F76F /* Foundation.framework */ = {isa = PBXFileReference; lastKnownFileType = wrapper.framework; name = Foundation.framework; path = System/Library/Frameworks/Foundation.framework; sourceTree = SDKROOT; };
		CB91C7651D8E0EAC00A899F3 /* FHIRManager.swift */ = {isa = PBXFileReference; fileEncoding = 4; lastKnownFileType = sourcecode.swift; path = FHIRManager.swift; sourceTree = "<group>"; };
		E767C059113AF57D5CB171E0 /* Pods.release.xcconfig */ = {isa = PBXFileReference; includeInIndex = 1; lastKnownFileType = text.xcconfig; name = Pods.release.xcconfig; path = "Pods/Target Support Files/Pods/Pods.release.xcconfig"; sourceTree = "<group>"; };
/* End PBXFileReference section */

/* Begin PBXFrameworksBuildPhase section */
		CB132DE61D8DE7350091F76F /* Frameworks */ = {
			isa = PBXFrameworksBuildPhase;
			buildActionMask = 2147483647;
			files = (
				CB132E321D8DF50B0091F76F /* Foundation.framework in Frameworks */,
				C33E1142AF13402E23EAE524 /* Pods.framework in Frameworks */,
			);
			runOnlyForDeploymentPostprocessing = 0;
		};
		CB132DFC1D8DE7350091F76F /* Frameworks */ = {
			isa = PBXFrameworksBuildPhase;
			buildActionMask = 2147483647;
			files = (
			);
			runOnlyForDeploymentPostprocessing = 0;
		};
		CB132E071D8DE7350091F76F /* Frameworks */ = {
			isa = PBXFrameworksBuildPhase;
			buildActionMask = 2147483647;
			files = (
			);
			runOnlyForDeploymentPostprocessing = 0;
		};
/* End PBXFrameworksBuildPhase section */

/* Begin PBXGroup section */
		1CF3A4D222CAB78BC803090D /* Frameworks */ = {
			isa = PBXGroup;
			children = (
				332C29625222A97948E4020C /* Pods.framework */,
			);
			name = Frameworks;
			sourceTree = "<group>";
		};
		918D76E50FF4C8F999F3D13F /* Pods */ = {
			isa = PBXGroup;
			children = (
				3A48CF7B608C3062B0A37824 /* Pods.debug.xcconfig */,
				E767C059113AF57D5CB171E0 /* Pods.release.xcconfig */,
			);
			name = Pods;
			sourceTree = "<group>";
		};
		CB132DE01D8DE7350091F76F = {
			isa = PBXGroup;
			children = (
				CB132E311D8DF50B0091F76F /* Foundation.framework */,
				CB132DEB1D8DE7350091F76F /* HealthStory */,
				CB132E021D8DE7350091F76F /* HealthStoryTests */,
				CB132E0D1D8DE7350091F76F /* HealthStoryUITests */,
				CB132DEA1D8DE7350091F76F /* Products */,
				918D76E50FF4C8F999F3D13F /* Pods */,
				1CF3A4D222CAB78BC803090D /* Frameworks */,
			);
			sourceTree = "<group>";
		};
		CB132DEA1D8DE7350091F76F /* Products */ = {
			isa = PBXGroup;
			children = (
				CB132DE91D8DE7350091F76F /* HealthStory.app */,
				CB132DFF1D8DE7350091F76F /* HealthStoryTests.xctest */,
				CB132E0A1D8DE7350091F76F /* HealthStoryUITests.xctest */,
			);
			name = Products;
			sourceTree = "<group>";
		};
		CB132DEB1D8DE7350091F76F /* HealthStory */ = {
			isa = PBXGroup;
			children = (
				CB132DEC1D8DE7350091F76F /* AppDelegate.swift */,
				CB132DF21D8DE7350091F76F /* Main.storyboard */,
				2FB708B81D8E26AB005DEF9A /* HomeVC.swift */,
				CB132DF51D8DE7350091F76F /* Assets.xcassets */,
				CB132DF71D8DE7350091F76F /* LaunchScreen.storyboard */,
				CB132DFA1D8DE7350091F76F /* Info.plist */,
				CB132E2C1D8DF2A10091F76F /* IndividualStory.swift */,
				CB91C7651D8E0EAC00A899F3 /* FHIRManager.swift */,
				2F20FE4F1D8E3A36005FE3FE /* ApiConstants.swift */,
			);
			path = HealthStory;
			sourceTree = "<group>";
		};
		CB132E021D8DE7350091F76F /* HealthStoryTests */ = {
			isa = PBXGroup;
			children = (
				CB132E031D8DE7350091F76F /* HealthStoryTests.swift */,
				CB132E051D8DE7350091F76F /* Info.plist */,
			);
			path = HealthStoryTests;
			sourceTree = "<group>";
		};
		CB132E0D1D8DE7350091F76F /* HealthStoryUITests */ = {
			isa = PBXGroup;
			children = (
				CB132E0E1D8DE7350091F76F /* HealthStoryUITests.swift */,
				CB132E101D8DE7350091F76F /* Info.plist */,
			);
			path = HealthStoryUITests;
			sourceTree = "<group>";
		};
/* End PBXGroup section */

/* Begin PBXNativeTarget section */
		CB132DE81D8DE7350091F76F /* HealthStory */ = {
			isa = PBXNativeTarget;
			buildConfigurationList = CB132E131D8DE7350091F76F /* Build configuration list for PBXNativeTarget "HealthStory" */;
			buildPhases = (
				7567F9ECF7F08F97CD9D2938 /* Check Pods Manifest.lock */,
				CB132DE51D8DE7350091F76F /* Sources */,
				CB132DE61D8DE7350091F76F /* Frameworks */,
				CB132DE71D8DE7350091F76F /* Resources */,
				CB132E381D8E01B20091F76F /* Embed Frameworks */,
				41C01610CD23B7BC0829C33E /* Embed Pods Frameworks */,
				94B5C691D20E32BDDF3BFE6B /* Copy Pods Resources */,
			);
			buildRules = (
			);
			dependencies = (
			);
			name = HealthStory;
			productName = HealthStory;
			productReference = CB132DE91D8DE7350091F76F /* HealthStory.app */;
			productType = "com.apple.product-type.application";
		};
		CB132DFE1D8DE7350091F76F /* HealthStoryTests */ = {
			isa = PBXNativeTarget;
			buildConfigurationList = CB132E161D8DE7350091F76F /* Build configuration list for PBXNativeTarget "HealthStoryTests" */;
			buildPhases = (
				CB132DFB1D8DE7350091F76F /* Sources */,
				CB132DFC1D8DE7350091F76F /* Frameworks */,
				CB132DFD1D8DE7350091F76F /* Resources */,
			);
			buildRules = (
			);
			dependencies = (
				CB132E011D8DE7350091F76F /* PBXTargetDependency */,
			);
			name = HealthStoryTests;
			productName = HealthStoryTests;
			productReference = CB132DFF1D8DE7350091F76F /* HealthStoryTests.xctest */;
			productType = "com.apple.product-type.bundle.unit-test";
		};
		CB132E091D8DE7350091F76F /* HealthStoryUITests */ = {
			isa = PBXNativeTarget;
			buildConfigurationList = CB132E191D8DE7350091F76F /* Build configuration list for PBXNativeTarget "HealthStoryUITests" */;
			buildPhases = (
				CB132E061D8DE7350091F76F /* Sources */,
				CB132E071D8DE7350091F76F /* Frameworks */,
				CB132E081D8DE7350091F76F /* Resources */,
			);
			buildRules = (
			);
			dependencies = (
				CB132E0C1D8DE7350091F76F /* PBXTargetDependency */,
			);
			name = HealthStoryUITests;
			productName = HealthStoryUITests;
			productReference = CB132E0A1D8DE7350091F76F /* HealthStoryUITests.xctest */;
			productType = "com.apple.product-type.bundle.ui-testing";
		};
/* End PBXNativeTarget section */

/* Begin PBXProject section */
		CB132DE11D8DE7350091F76F /* Project object */ = {
			isa = PBXProject;
			attributes = {
				LastSwiftUpdateCheck = 0730;
				LastUpgradeCheck = 0730;
				ORGANIZATIONNAME = StoryTellers;
				TargetAttributes = {
					CB132DE81D8DE7350091F76F = {
						CreatedOnToolsVersion = 7.3.1;
					};
					CB132DFE1D8DE7350091F76F = {
						CreatedOnToolsVersion = 7.3.1;
						TestTargetID = CB132DE81D8DE7350091F76F;
					};
					CB132E091D8DE7350091F76F = {
						CreatedOnToolsVersion = 7.3.1;
						TestTargetID = CB132DE81D8DE7350091F76F;
					};
				};
			};
			buildConfigurationList = CB132DE41D8DE7350091F76F /* Build configuration list for PBXProject "HealthStory" */;
			compatibilityVersion = "Xcode 3.2";
			developmentRegion = English;
			hasScannedForEncodings = 0;
			knownRegions = (
				en,
				Base,
			);
			mainGroup = CB132DE01D8DE7350091F76F;
			productRefGroup = CB132DEA1D8DE7350091F76F /* Products */;
			projectDirPath = "";
			projectRoot = "";
			targets = (
				CB132DE81D8DE7350091F76F /* HealthStory */,
				CB132DFE1D8DE7350091F76F /* HealthStoryTests */,
				CB132E091D8DE7350091F76F /* HealthStoryUITests */,
			);
		};
/* End PBXProject section */

/* Begin PBXResourcesBuildPhase section */
		CB132DE71D8DE7350091F76F /* Resources */ = {
			isa = PBXResourcesBuildPhase;
			buildActionMask = 2147483647;
			files = (
				CB132DF91D8DE7350091F76F /* LaunchScreen.storyboard in Resources */,
				CB132DF61D8DE7350091F76F /* Assets.xcassets in Resources */,
				CB132DF41D8DE7350091F76F /* Main.storyboard in Resources */,
			);
			runOnlyForDeploymentPostprocessing = 0;
		};
		CB132DFD1D8DE7350091F76F /* Resources */ = {
			isa = PBXResourcesBuildPhase;
			buildActionMask = 2147483647;
			files = (
			);
			runOnlyForDeploymentPostprocessing = 0;
		};
		CB132E081D8DE7350091F76F /* Resources */ = {
			isa = PBXResourcesBuildPhase;
			buildActionMask = 2147483647;
			files = (
			);
			runOnlyForDeploymentPostprocessing = 0;
		};
/* End PBXResourcesBuildPhase section */

/* Begin PBXShellScriptBuildPhase section */
		41C01610CD23B7BC0829C33E /* Embed Pods Frameworks */ = {
			isa = PBXShellScriptBuildPhase;
			buildActionMask = 2147483647;
			files = (
			);
			inputPaths = (
			);
			name = "Embed Pods Frameworks";
			outputPaths = (
			);
			runOnlyForDeploymentPostprocessing = 0;
			shellPath = /bin/sh;
			shellScript = "\"${SRCROOT}/Pods/Target Support Files/Pods/Pods-frameworks.sh\"\n";
			showEnvVarsInLog = 0;
		};
		7567F9ECF7F08F97CD9D2938 /* Check Pods Manifest.lock */ = {
			isa = PBXShellScriptBuildPhase;
			buildActionMask = 2147483647;
			files = (
			);
			inputPaths = (
			);
			name = "Check Pods Manifest.lock";
			outputPaths = (
			);
			runOnlyForDeploymentPostprocessing = 0;
			shellPath = /bin/sh;
			shellScript = "diff \"${PODS_ROOT}/../Podfile.lock\" \"${PODS_ROOT}/Manifest.lock\" > /dev/null\nif [[ $? != 0 ]] ; then\n    cat << EOM\nerror: The sandbox is not in sync with the Podfile.lock. Run 'pod install' or update your CocoaPods installation.\nEOM\n    exit 1\nfi\n";
			showEnvVarsInLog = 0;
		};
		94B5C691D20E32BDDF3BFE6B /* Copy Pods Resources */ = {
			isa = PBXShellScriptBuildPhase;
			buildActionMask = 2147483647;
			files = (
			);
			inputPaths = (
			);
			name = "Copy Pods Resources";
			outputPaths = (
			);
			runOnlyForDeploymentPostprocessing = 0;
			shellPath = /bin/sh;
			shellScript = "\"${SRCROOT}/Pods/Target Support Files/Pods/Pods-resources.sh\"\n";
			showEnvVarsInLog = 0;
		};
/* End PBXShellScriptBuildPhase section */

/* Begin PBXSourcesBuildPhase section */
		CB132DE51D8DE7350091F76F /* Sources */ = {
			isa = PBXSourcesBuildPhase;
			buildActionMask = 2147483647;
			files = (
				CB132DED1D8DE7350091F76F /* AppDelegate.swift in Sources */,
				2FB708B91D8E26AB005DEF9A /* HomeVC.swift in Sources */,
				2F20FE501D8E3A36005FE3FE /* ApiConstants.swift in Sources */,
				CB132E2D1D8DF2A10091F76F /* IndividualStory.swift in Sources */,
				CB91C7661D8E0EAC00A899F3 /* FHIRManager.swift in Sources */,
			);
			runOnlyForDeploymentPostprocessing = 0;
		};
		CB132DFB1D8DE7350091F76F /* Sources */ = {
			isa = PBXSourcesBuildPhase;
			buildActionMask = 2147483647;
			files = (
				CB132E041D8DE7350091F76F /* HealthStoryTests.swift in Sources */,
			);
			runOnlyForDeploymentPostprocessing = 0;
		};
		CB132E061D8DE7350091F76F /* Sources */ = {
			isa = PBXSourcesBuildPhase;
			buildActionMask = 2147483647;
			files = (
				CB132E0F1D8DE7350091F76F /* HealthStoryUITests.swift in Sources */,
			);
			runOnlyForDeploymentPostprocessing = 0;
		};
/* End PBXSourcesBuildPhase section */

/* Begin PBXTargetDependency section */
		CB132E011D8DE7350091F76F /* PBXTargetDependency */ = {
			isa = PBXTargetDependency;
			target = CB132DE81D8DE7350091F76F /* HealthStory */;
			targetProxy = CB132E001D8DE7350091F76F /* PBXContainerItemProxy */;
		};
		CB132E0C1D8DE7350091F76F /* PBXTargetDependency */ = {
			isa = PBXTargetDependency;
			target = CB132DE81D8DE7350091F76F /* HealthStory */;
			targetProxy = CB132E0B1D8DE7350091F76F /* PBXContainerItemProxy */;
		};
/* End PBXTargetDependency section */

/* Begin PBXVariantGroup section */
		CB132DF21D8DE7350091F76F /* Main.storyboard */ = {
			isa = PBXVariantGroup;
			children = (
				CB132DF31D8DE7350091F76F /* Base */,
			);
			name = Main.storyboard;
			sourceTree = "<group>";
		};
		CB132DF71D8DE7350091F76F /* LaunchScreen.storyboard */ = {
			isa = PBXVariantGroup;
			children = (
				CB132DF81D8DE7350091F76F /* Base */,
			);
			name = LaunchScreen.storyboard;
			sourceTree = "<group>";
		};
/* End PBXVariantGroup section */

/* Begin XCBuildConfiguration section */
		CB132E111D8DE7350091F76F /* Debug */ = {
			isa = XCBuildConfiguration;
			buildSettings = {
				ALWAYS_SEARCH_USER_PATHS = NO;
				CLANG_ANALYZER_NONNULL = YES;
				CLANG_CXX_LANGUAGE_STANDARD = "gnu++0x";
				CLANG_CXX_LIBRARY = "libc++";
				CLANG_ENABLE_MODULES = YES;
				CLANG_ENABLE_OBJC_ARC = YES;
				CLANG_WARN_BOOL_CONVERSION = YES;
				CLANG_WARN_CONSTANT_CONVERSION = YES;
				CLANG_WARN_DIRECT_OBJC_ISA_USAGE = YES_ERROR;
				CLANG_WARN_EMPTY_BODY = YES;
				CLANG_WARN_ENUM_CONVERSION = YES;
				CLANG_WARN_INT_CONVERSION = YES;
				CLANG_WARN_OBJC_ROOT_CLASS = YES_ERROR;
				CLANG_WARN_UNREACHABLE_CODE = YES;
				CLANG_WARN__DUPLICATE_METHOD_MATCH = YES;
				"CODE_SIGN_IDENTITY[sdk=iphoneos*]" = "iPhone Developer";
				COPY_PHASE_STRIP = NO;
				DEBUG_INFORMATION_FORMAT = dwarf;
				ENABLE_STRICT_OBJC_MSGSEND = YES;
				ENABLE_TESTABILITY = YES;
				GCC_C_LANGUAGE_STANDARD = gnu99;
				GCC_DYNAMIC_NO_PIC = NO;
				GCC_NO_COMMON_BLOCKS = YES;
				GCC_OPTIMIZATION_LEVEL = 0;
				GCC_PREPROCESSOR_DEFINITIONS = (
					"DEBUG=1",
					"$(inherited)",
				);
				GCC_WARN_64_TO_32_BIT_CONVERSION = YES;
				GCC_WARN_ABOUT_RETURN_TYPE = YES_ERROR;
				GCC_WARN_UNDECLARED_SELECTOR = YES;
				GCC_WARN_UNINITIALIZED_AUTOS = YES_AGGRESSIVE;
				GCC_WARN_UNUSED_FUNCTION = YES;
				GCC_WARN_UNUSED_VARIABLE = YES;
				IPHONEOS_DEPLOYMENT_TARGET = 9.3;
				MTL_ENABLE_DEBUG_INFO = YES;
				ONLY_ACTIVE_ARCH = YES;
				SDKROOT = iphoneos;
				SWIFT_OPTIMIZATION_LEVEL = "-Onone";
				TARGETED_DEVICE_FAMILY = "1,2";
			};
			name = Debug;
		};
		CB132E121D8DE7350091F76F /* Release */ = {
			isa = XCBuildConfiguration;
			buildSettings = {
				ALWAYS_SEARCH_USER_PATHS = NO;
				CLANG_ANALYZER_NONNULL = YES;
				CLANG_CXX_LANGUAGE_STANDARD = "gnu++0x";
				CLANG_CXX_LIBRARY = "libc++";
				CLANG_ENABLE_MODULES = YES;
				CLANG_ENABLE_OBJC_ARC = YES;
				CLANG_WARN_BOOL_CONVERSION = YES;
				CLANG_WARN_CONSTANT_CONVERSION = YES;
				CLANG_WARN_DIRECT_OBJC_ISA_USAGE = YES_ERROR;
				CLANG_WARN_EMPTY_BODY = YES;
				CLANG_WARN_ENUM_CONVERSION = YES;
				CLANG_WARN_INT_CONVERSION = YES;
				CLANG_WARN_OBJC_ROOT_CLASS = YES_ERROR;
				CLANG_WARN_UNREACHABLE_CODE = YES;
				CLANG_WARN__DUPLICATE_METHOD_MATCH = YES;
				"CODE_SIGN_IDENTITY[sdk=iphoneos*]" = "iPhone Developer";
				COPY_PHASE_STRIP = NO;
				DEBUG_INFORMATION_FORMAT = "dwarf-with-dsym";
				ENABLE_NS_ASSERTIONS = NO;
				ENABLE_STRICT_OBJC_MSGSEND = YES;
				GCC_C_LANGUAGE_STANDARD = gnu99;
				GCC_NO_COMMON_BLOCKS = YES;
				GCC_WARN_64_TO_32_BIT_CONVERSION = YES;
				GCC_WARN_ABOUT_RETURN_TYPE = YES_ERROR;
				GCC_WARN_UNDECLARED_SELECTOR = YES;
				GCC_WARN_UNINITIALIZED_AUTOS = YES_AGGRESSIVE;
				GCC_WARN_UNUSED_FUNCTION = YES;
				GCC_WARN_UNUSED_VARIABLE = YES;
				IPHONEOS_DEPLOYMENT_TARGET = 9.3;
				MTL_ENABLE_DEBUG_INFO = NO;
				SDKROOT = iphoneos;
				TARGETED_DEVICE_FAMILY = "1,2";
				VALIDATE_PRODUCT = YES;
			};
			name = Release;
		};
		CB132E141D8DE7350091F76F /* Debug */ = {
			isa = XCBuildConfiguration;
			baseConfigurationReference = 3A48CF7B608C3062B0A37824 /* Pods.debug.xcconfig */;
			buildSettings = {
				ASSETCATALOG_COMPILER_APPICON_NAME = AppIcon;
				EMBEDDED_CONTENT_CONTAINS_SWIFT = YES;
				INFOPLIST_FILE = HealthStory/Info.plist;
				LD_RUNPATH_SEARCH_PATHS = "$(inherited) @executable_path/Frameworks";
				PRODUCT_BUNDLE_IDENTIFIER = com.storytellers.HealthStory;
				PRODUCT_NAME = "$(TARGET_NAME)";
			};
			name = Debug;
		};
		CB132E151D8DE7350091F76F /* Release */ = {
			isa = XCBuildConfiguration;
			baseConfigurationReference = E767C059113AF57D5CB171E0 /* Pods.release.xcconfig */;
			buildSettings = {
				ASSETCATALOG_COMPILER_APPICON_NAME = AppIcon;
				EMBEDDED_CONTENT_CONTAINS_SWIFT = YES;
				INFOPLIST_FILE = HealthStory/Info.plist;
				LD_RUNPATH_SEARCH_PATHS = "$(inherited) @executable_path/Frameworks";
				PRODUCT_BUNDLE_IDENTIFIER = com.storytellers.HealthStory;
				PRODUCT_NAME = "$(TARGET_NAME)";
			};
			name = Release;
		};
		CB132E171D8DE7350091F76F /* Debug */ = {
			isa = XCBuildConfiguration;
			buildSettings = {
				BUNDLE_LOADER = "$(TEST_HOST)";
				INFOPLIST_FILE = HealthStoryTests/Info.plist;
				LD_RUNPATH_SEARCH_PATHS = "$(inherited) @executable_path/Frameworks @loader_path/Frameworks";
				PRODUCT_BUNDLE_IDENTIFIER = com.storytellers.HealthStoryTests;
				PRODUCT_NAME = "$(TARGET_NAME)";
				TEST_HOST = "$(BUILT_PRODUCTS_DIR)/HealthStory.app/HealthStory";
			};
			name = Debug;
		};
		CB132E181D8DE7350091F76F /* Release */ = {
			isa = XCBuildConfiguration;
			buildSettings = {
				BUNDLE_LOADER = "$(TEST_HOST)";
				INFOPLIST_FILE = HealthStoryTests/Info.plist;
				LD_RUNPATH_SEARCH_PATHS = "$(inherited) @executable_path/Frameworks @loader_path/Frameworks";
				PRODUCT_BUNDLE_IDENTIFIER = com.storytellers.HealthStoryTests;
				PRODUCT_NAME = "$(TARGET_NAME)";
				TEST_HOST = "$(BUILT_PRODUCTS_DIR)/HealthStory.app/HealthStory";
			};
			name = Release;
		};
		CB132E1A1D8DE7350091F76F /* Debug */ = {
			isa = XCBuildConfiguration;
			buildSettings = {
				INFOPLIST_FILE = HealthStoryUITests/Info.plist;
				LD_RUNPATH_SEARCH_PATHS = "$(inherited) @executable_path/Frameworks @loader_path/Frameworks";
				PRODUCT_BUNDLE_IDENTIFIER = com.storytellers.HealthStoryUITests;
				PRODUCT_NAME = "$(TARGET_NAME)";
				TEST_TARGET_NAME = HealthStory;
			};
			name = Debug;
		};
		CB132E1B1D8DE7350091F76F /* Release */ = {
			isa = XCBuildConfiguration;
			buildSettings = {
				INFOPLIST_FILE = HealthStoryUITests/Info.plist;
				LD_RUNPATH_SEARCH_PATHS = "$(inherited) @executable_path/Frameworks @loader_path/Frameworks";
				PRODUCT_BUNDLE_IDENTIFIER = com.storytellers.HealthStoryUITests;
				PRODUCT_NAME = "$(TARGET_NAME)";
				TEST_TARGET_NAME = HealthStory;
			};
			name = Release;
		};
/* End XCBuildConfiguration section */

/* Begin XCConfigurationList section */
		CB132DE41D8DE7350091F76F /* Build configuration list for PBXProject "HealthStory" */ = {
			isa = XCConfigurationList;
			buildConfigurations = (
				CB132E111D8DE7350091F76F /* Debug */,
				CB132E121D8DE7350091F76F /* Release */,
			);
			defaultConfigurationIsVisible = 0;
			defaultConfigurationName = Release;
		};
		CB132E131D8DE7350091F76F /* Build configuration list for PBXNativeTarget "HealthStory" */ = {
			isa = XCConfigurationList;
			buildConfigurations = (
				CB132E141D8DE7350091F76F /* Debug */,
				CB132E151D8DE7350091F76F /* Release */,
			);
			defaultConfigurationIsVisible = 0;
			defaultConfigurationName = Release;
		};
		CB132E161D8DE7350091F76F /* Build configuration list for PBXNativeTarget "HealthStoryTests" */ = {
			isa = XCConfigurationList;
			buildConfigurations = (
				CB132E171D8DE7350091F76F /* Debug */,
				CB132E181D8DE7350091F76F /* Release */,
			);
			defaultConfigurationIsVisible = 0;
			defaultConfigurationName = Release;
		};
		CB132E191D8DE7350091F76F /* Build configuration list for PBXNativeTarget "HealthStoryUITests" */ = {
			isa = XCConfigurationList;
			buildConfigurations = (
				CB132E1A1D8DE7350091F76F /* Debug */,
				CB132E1B1D8DE7350091F76F /* Release */,
			);
			defaultConfigurationIsVisible = 0;
			defaultConfigurationName = Release;
		};
/* End XCConfigurationList section */
	};
	rootObject = CB132DE11D8DE7350091F76F /* Project object */;
}
